
Microsoft Visual Studio Solution File, Format Version 12.00
# Visual Studio 15
VisualStudioVersion = 15.0.27130.2026
MinimumVisualStudioVersion = 10.0.40219.1
Project("{FAE04EC0-301F-11D3-BF4B-00C04F79EFBC}") = "WcfService", "WcfService\WcfService.csproj", "{00583690-23CD-49EA-ABCC-46BCE6316209}"
EndProject
Project("{FAE04EC0-301F-11D3-BF4B-00C04F79EFBC}") = "StandardLibrary", "StandardLibrary\StandardLibrary.csproj", "{4F0B44A4-AB35-4B66-A351-095E4C411ED2}"
EndProject
Project("{FAE04EC0-301F-11D3-BF4B-00C04F79EFBC}") = "ConsoleApp1", "ConsoleApp1\ConsoleApp1.csproj", "{FBD5C2ED-0EB1-4A43-AD5D-2EFEA32B5352}"
EndProject
Global
	GlobalSection(SolutionConfigurationPlatforms) = preSolution
		Debug|Any CPU = Debug|Any CPU
		Release|Any CPU = Release|Any CPU
	EndGlobalSection
	GlobalSection(ProjectConfigurationPlatforms) = postSolution
		{00583690-23CD-49EA-ABCC-46BCE6316209}.Debug|Any CPU.ActiveCfg = Debug|Any CPU
		{00583690-23CD-49EA-ABCC-46BCE6316209}.Debug|Any CPU.Build.0 = Debug|Any CPU
		{00583690-23CD-49EA-ABCC-46BCE6316209}.Release|Any CPU.ActiveCfg = Release|Any CPU
		{00583690-23CD-49EA-ABCC-46BCE6316209}.Release|Any CPU.Build.0 = Release|Any CPU
		{4F0B44A4-AB35-4B66-A351-095E4C411ED2}.Debug|Any CPU.ActiveCfg = Debug|Any CPU
		{4F0B44A4-AB35-4B66-A351-095E4C411ED2}.Debug|Any CPU.Build.0 = Debug|Any CPU
		{4F0B44A4-AB35-4B66-A351-095E4C411ED2}.Release|Any CPU.ActiveCfg = Release|Any CPU
		{4F0B44A4-AB35-4B66-A351-095E4C411ED2}.Release|Any CPU.Build.0 = Release|Any CPU
		{FBD5C2ED-0EB1-4A43-AD5D-2EFEA32B5352}.Debug|Any CPU.ActiveCfg = Debug|Any CPU
		{FBD5C2ED-0EB1-4A43-AD5D-2EFEA32B5352}.Debug|Any CPU.Build.0 = Debug|Any CPU
		{FBD5C2ED-0EB1-4A43-AD5D-2EFEA32B5352}.Release|Any CPU.ActiveCfg = Release|Any CPU
		{FBD5C2ED-0EB1-4A43-AD5D-2EFEA32B5352}.Release|Any CPU.Build.0 = Release|Any CPU
	EndGlobalSection
	GlobalSection(SolutionProperties) = preSolution
		HideSolutionNode = FALSE
	EndGlobalSection
	GlobalSection(ExtensibilityGlobals) = postSolution
		SolutionGuid = {F927F44A-52B7-49E3-BD8E-CC887FA0B741}
	EndGlobalSection
EndGlobal
